
Microsoft Visual Studio Solution File, Format Version 12.00
# Visual Studio Version 17
VisualStudioVersion = 17.1.32328.378
MinimumVisualStudioVersion = 10.0.40219.1
Project("{FAE04EC0-301F-11D3-BF4B-00C04F79EFBC}") = "OATKWfpApp", "OATKWfpApp\OATKWfpApp.csproj", "{6F87BCF5-795F-456E-AA2E-98F420622D20}"
EndProject
Global
	GlobalSection(SolutionConfigurationPlatforms) = preSolution
		Debug|Any CPU = Debug|Any CPU
		Release|Any CPU = Release|Any CPU
	EndGlobalSection
	GlobalSection(ProjectConfigurationPlatforms) = postSolution
		{6F87BCF5-795F-456E-AA2E-98F420622D20}.Debug|Any CPU.ActiveCfg = Debug|Any CPU
		{6F87BCF5-795F-456E-AA2E-98F420622D20}.Debug|Any CPU.Build.0 = Debug|Any CPU
		{6F87BCF5-795F-456E-AA2E-98F420622D20}.Release|Any CPU.ActiveCfg = Release|Any CPU
		{6F87BCF5-795F-456E-AA2E-98F420622D20}.Release|Any CPU.Build.0 = Release|Any CPU
	EndGlobalSection
	GlobalSection(SolutionProperties) = preSolution
		HideSolutionNode = FALSE
	EndGlobalSection
	GlobalSection(ExtensibilityGlobals) = postSolution
		SolutionGuid = {1EC5E659-9F5F-4522-BA4C-385B9510388E}
	EndGlobalSection
EndGlobal
